// !$*UTF8*$!
{
	archiveVersion = 1;
	classes = {
	};
	objectVersion = 48;
	objects = {

/* Begin PBXBuildFile section */
		159972592059C25C0096C180 /* AppDelegate.swift in Sources */ = {isa = PBXBuildFile; fileRef = 159972582059C25C0096C180 /* AppDelegate.swift */; };
		1599725B2059C25C0096C180 /* ViewController.swift in Sources */ = {isa = PBXBuildFile; fileRef = 1599725A2059C25C0096C180 /* ViewController.swift */; };
		1599725E2059C25C0096C180 /* Main.storyboard in Resources */ = {isa = PBXBuildFile; fileRef = 1599725C2059C25C0096C180 /* Main.storyboard */; };
		159972602059C25C0096C180 /* Assets.xcassets in Resources */ = {isa = PBXBuildFile; fileRef = 1599725F2059C25C0096C180 /* Assets.xcassets */; };
		159972632059C25C0096C180 /* LaunchScreen.storyboard in Resources */ = {isa = PBXBuildFile; fileRef = 159972612059C25C0096C180 /* LaunchScreen.storyboard */; };
		1599726E2059C25C0096C180 /* ENDUITests.swift in Sources */ = {isa = PBXBuildFile; fileRef = 1599726D2059C25C0096C180 /* ENDUITests.swift */; };
/* End PBXBuildFile section */

/* Begin PBXContainerItemProxy section */
		1599726A2059C25C0096C180 /* PBXContainerItemProxy */ = {
			isa = PBXContainerItemProxy;
			containerPortal = 1599724D2059C25C0096C180 /* Project object */;
			proxyType = 1;
			remoteGlobalIDString = 159972542059C25C0096C180;
			remoteInfo = END;
		};
/* End PBXContainerItemProxy section */

/* Begin PBXFileReference section */
		159972552059C25C0096C180 /* END.app */ = {isa = PBXFileReference; explicitFileType = wrapper.application; includeInIndex = 0; path = END.app; sourceTree = BUILT_PRODUCTS_DIR; };
		159972582059C25C0096C180 /* AppDelegate.swift */ = {isa = PBXFileReference; lastKnownFileType = sourcecode.swift; path = AppDelegate.swift; sourceTree = "<group>"; };
		1599725A2059C25C0096C180 /* ViewController.swift */ = {isa = PBXFileReference; lastKnownFileType = sourcecode.swift; path = ViewController.swift; sourceTree = "<group>"; };
		1599725D2059C25C0096C180 /* Base */ = {isa = PBXFileReference; lastKnownFileType = file.storyboard; name = Base; path = Base.lproj/Main.storyboard; sourceTree = "<group>"; };
		1599725F2059C25C0096C180 /* Assets.xcassets */ = {isa = PBXFileReference; lastKnownFileType = folder.assetcatalog; path = Assets.xcassets; sourceTree = "<group>"; };
		159972622059C25C0096C180 /* Base */ = {isa = PBXFileReference; lastKnownFileType = file.storyboard; name = Base; path = Base.lproj/LaunchScreen.storyboard; sourceTree = "<group>"; };
		159972642059C25C0096C180 /* Info.plist */ = {isa = PBXFileReference; lastKnownFileType = text.plist.xml; path = Info.plist; sourceTree = "<group>"; };
		159972692059C25C0096C180 /* ENDUITests.xctest */ = {isa = PBXFileReference; explicitFileType = wrapper.cfbundle; includeInIndex = 0; path = ENDUITests.xctest; sourceTree = BUILT_PRODUCTS_DIR; };
		1599726D2059C25C0096C180 /* ENDUITests.swift */ = {isa = PBXFileReference; lastKnownFileType = sourcecode.swift; path = ENDUITests.swift; sourceTree = "<group>"; };
		1599726F2059C25C0096C180 /* Info.plist */ = {isa = PBXFileReference; lastKnownFileType = text.plist.xml; path = Info.plist; sourceTree = "<group>"; };
/* End PBXFileReference section */

/* Begin PBXFrameworksBuildPhase section */
		159972522059C25C0096C180 /* Frameworks */ = {
			isa = PBXFrameworksBuildPhase;
			buildActionMask = 2147483647;
			files = (
			);
			runOnlyForDeploymentPostprocessing = 0;
		};
		159972662059C25C0096C180 /* Frameworks */ = {
			isa = PBXFrameworksBuildPhase;
			buildActionMask = 2147483647;
			files = (
			);
			runOnlyForDeploymentPostprocessing = 0;
		};
/* End PBXFrameworksBuildPhase section */

/* Begin PBXGroup section */
		1599724C2059C25C0096C180 = {
			isa = PBXGroup;
			children = (
				159972572059C25C0096C180 /* END */,
				1599726C2059C25C0096C180 /* ENDUITests */,
				159972562059C25C0096C180 /* Products */,
			);
			sourceTree = "<group>";
		};
		159972562059C25C0096C180 /* Products */ = {
			isa = PBXGroup;
			children = (
				159972552059C25C0096C180 /* END.app */,
				159972692059C25C0096C180 /* ENDUITests.xctest */,
			);
			name = Products;
			sourceTree = "<group>";
		};
		159972572059C25C0096C180 /* END */ = {
			isa = PBXGroup;
			children = (
				159972582059C25C0096C180 /* AppDelegate.swift */,
				1599725A2059C25C0096C180 /* ViewController.swift */,
				1599725C2059C25C0096C180 /* Main.storyboard */,
				1599725F2059C25C0096C180 /* Assets.xcassets */,
				159972612059C25C0096C180 /* LaunchScreen.storyboard */,
				159972642059C25C0096C180 /* Info.plist */,
			);
			path = END;
			sourceTree = "<group>";
		};
		1599726C2059C25C0096C180 /* ENDUITests */ = {
			isa = PBXGroup;
			children = (
				1599726D2059C25C0096C180 /* ENDUITests.swift */,
				1599726F2059C25C0096C180 /* Info.plist */,
			);
			path = ENDUITests;
			sourceTree = "<group>";
		};
/* End PBXGroup section */

/* Begin PBXNativeTarget section */
		159972542059C25C0096C180 /* END */ = {
			isa = PBXNativeTarget;
			buildConfigurationList = 159972722059C25C0096C180 /* Build configuration list for PBXNativeTarget "END" */;
			buildPhases = (
				159972512059C25C0096C180 /* Sources */,
				159972522059C25C0096C180 /* Frameworks */,
				159972532059C25C0096C180 /* Resources */,
			);
			buildRules = (
			);
			dependencies = (
			);
			name = END;
			productName = END;
			productReference = 159972552059C25C0096C180 /* END.app */;
			productType = "com.apple.product-type.application";
		};
		159972682059C25C0096C180 /* ENDUITests */ = {
			isa = PBXNativeTarget;
			buildConfigurationList = 159972752059C25C0096C180 /* Build configuration list for PBXNativeTarget "ENDUITests" */;
			buildPhases = (
				159972652059C25C0096C180 /* Sources */,
				159972662059C25C0096C180 /* Frameworks */,
				159972672059C25C0096C180 /* Resources */,
			);
			buildRules = (
			);
			dependencies = (
				1599726B2059C25C0096C180 /* PBXTargetDependency */,
			);
			name = ENDUITests;
			productName = ENDUITests;
			productReference = 159972692059C25C0096C180 /* ENDUITests.xctest */;
			productType = "com.apple.product-type.bundle.ui-testing";
		};
/* End PBXNativeTarget section */

/* Begin PBXProject section */
		1599724D2059C25C0096C180 /* Project object */ = {
			isa = PBXProject;
			attributes = {
				LastSwiftUpdateCheck = 0920;
				LastUpgradeCheck = 0920;
				ORGANIZATIONNAME = "Bruno Cunha";
				TargetAttributes = {
					159972542059C25C0096C180 = {
						CreatedOnToolsVersion = 9.2;
						ProvisioningStyle = Automatic;
					};
					159972682059C25C0096C180 = {
						CreatedOnToolsVersion = 9.2;
						ProvisioningStyle = Automatic;
						TestTargetID = 159972542059C25C0096C180;
					};
				};
			};
			buildConfigurationList = 159972502059C25C0096C180 /* Build configuration list for PBXProject "END" */;
			compatibilityVersion = "Xcode 8.0";
			developmentRegion = en;
			hasScannedForEncodings = 0;
			knownRegions = (
				en,
				Base,
			);
			mainGroup = 1599724C2059C25C0096C180;
			productRefGroup = 159972562059C25C0096C180 /* Products */;
			projectDirPath = "";
			projectRoot = "";
			targets = (
				159972542059C25C0096C180 /* END */,
				159972682059C25C0096C180 /* ENDUITests */,
			);
		};
/* End PBXProject section */

/* Begin PBXResourcesBuildPhase section */
		159972532059C25C0096C180 /* Resources */ = {
			isa = PBXResourcesBuildPhase;
			buildActionMask = 2147483647;
			files = (
				159972632059C25C0096C180 /* LaunchScreen.storyboard in Resources */,
				159972602059C25C0096C180 /* Assets.xcassets in Resources */,
				1599725E2059C25C0096C180 /* Main.storyboard in Resources */,
			);
			runOnlyForDeploymentPostprocessing = 0;
		};
		159972672059C25C0096C180 /* Resources */ = {
			isa = PBXResourcesBuildPhase;
			buildActionMask = 2147483647;
			files = (
			);
			runOnlyForDeploymentPostprocessing = 0;
		};
/* End PBXResourcesBuildPhase section */

/* Begin PBXSourcesBuildPhase section */
		159972512059C25C0096C180 /* Sources */ = {
			isa = PBXSourcesBuildPhase;
			buildActionMask = 2147483647;
			files = (
				1599725B2059C25C0096C180 /* ViewController.swift in Sources */,
				159972592059C25C0096C180 /* AppDelegate.swift in Sources */,
			);
			runOnlyForDeploymentPostprocessing = 0;
		};
		159972652059C25C0096C180 /* Sources */ = {
			isa = PBXSourcesBuildPhase;
			buildActionMask = 2147483647;
			files = (
				1599726E2059C25C0096C180 /* ENDUITests.swift in Sources */,
			);
			runOnlyForDeploymentPostprocessing = 0;
		};
/* End PBXSourcesBuildPhase section */

/* Begin PBXTargetDependency section */
		1599726B2059C25C0096C180 /* PBXTargetDependency */ = {
			isa = PBXTargetDependency;
			target = 159972542059C25C0096C180 /* END */;
			targetProxy = 1599726A2059C25C0096C180 /* PBXContainerItemProxy */;
		};
/* End PBXTargetDependency section */

/* Begin PBXVariantGroup section */
		1599725C2059C25C0096C180 /* Main.storyboard */ = {
			isa = PBXVariantGroup;
			children = (
				1599725D2059C25C0096C180 /* Base */,
			);
			name = Main.storyboard;
			sourceTree = "<group>";
		};
		159972612059C25C0096C180 /* LaunchScreen.storyboard */ = {
			isa = PBXVariantGroup;
			children = (
				159972622059C25C0096C180 /* Base */,
			);
			name = LaunchScreen.storyboard;
			sourceTree = "<group>";
		};
/* End PBXVariantGroup section */

/* Begin XCBuildConfiguration section */
		159972702059C25C0096C180 /* Debug */ = {
			isa = XCBuildConfiguration;
			buildSettings = {
				ALWAYS_SEARCH_USER_PATHS = NO;
				CLANG_ANALYZER_NONNULL = YES;
				CLANG_ANALYZER_NUMBER_OBJECT_CONVERSION = YES_AGGRESSIVE;
				CLANG_CXX_LANGUAGE_STANDARD = "gnu++14";
				CLANG_CXX_LIBRARY = "libc++";
				CLANG_ENABLE_MODULES = YES;
				CLANG_ENABLE_OBJC_ARC = YES;
				CLANG_WARN_BLOCK_CAPTURE_AUTORELEASING = YES;
				CLANG_WARN_BOOL_CONVERSION = YES;
				CLANG_WARN_COMMA = YES;
				CLANG_WARN_CONSTANT_CONVERSION = YES;
				CLANG_WARN_DIRECT_OBJC_ISA_USAGE = YES_ERROR;
				CLANG_WARN_DOCUMENTATION_COMMENTS = YES;
				CLANG_WARN_EMPTY_BODY = YES;
				CLANG_WARN_ENUM_CONVERSION = YES;
				CLANG_WARN_INFINITE_RECURSION = YES;
				CLANG_WARN_INT_CONVERSION = YES;
				CLANG_WARN_NON_LITERAL_NULL_CONVERSION = YES;
				CLANG_WARN_OBJC_LITERAL_CONVERSION = YES;
				CLANG_WARN_OBJC_ROOT_CLASS = YES_ERROR;
				CLANG_WARN_RANGE_LOOP_ANALYSIS = YES;
				CLANG_WARN_STRICT_PROTOTYPES = YES;
				CLANG_WARN_SUSPICIOUS_MOVE = YES;
				CLANG_WARN_UNGUARDED_AVAILABILITY = YES_AGGRESSIVE;
				CLANG_WARN_UNREACHABLE_CODE = YES;
				CLANG_WARN__DUPLICATE_METHOD_MATCH = YES;
				CODE_SIGN_IDENTITY = "iPhone Developer";
				COPY_PHASE_STRIP = NO;
				DEBUG_INFORMATION_FORMAT = dwarf;
				ENABLE_STRICT_OBJC_MSGSEND = YES;
				ENABLE_TESTABILITY = YES;
				GCC_C_LANGUAGE_STANDARD = gnu11;
				GCC_DYNAMIC_NO_PIC = NO;
				GCC_NO_COMMON_BLOCKS = YES;
				GCC_OPTIMIZATION_LEVEL = 0;
				GCC_PREPROCESSOR_DEFINITIONS = (
					"DEBUG=1",
					"$(inherited)",
				);
				GCC_WARN_64_TO_32_BIT_CONVERSION = YES;
				GCC_WARN_ABOUT_RETURN_TYPE = YES_ERROR;
				GCC_WARN_UNDECLARED_SELECTOR = YES;
				GCC_WARN_UNINITIALIZED_AUTOS = YES_AGGRESSIVE;
				GCC_WARN_UNUSED_FUNCTION = YES;
				GCC_WARN_UNUSED_VARIABLE = YES;
				IPHONEOS_DEPLOYMENT_TARGET = 11.2;
				MTL_ENABLE_DEBUG_INFO = YES;
				ONLY_ACTIVE_ARCH = YES;
				SDKROOT = iphoneos;
				SWIFT_ACTIVE_COMPILATION_CONDITIONS = DEBUG;
				SWIFT_OPTIMIZATION_LEVEL = "-Onone";
			};
			name = Debug;
		};
		159972712059C25C0096C180 /* Release */ = {
			isa = XCBuildConfiguration;
			buildSettings = {
				ALWAYS_SEARCH_USER_PATHS = NO;
				CLANG_ANALYZER_NONNULL = YES;
				CLANG_ANALYZER_NUMBER_OBJECT_CONVERSION = YES_AGGRESSIVE;
				CLANG_CXX_LANGUAGE_STANDARD = "gnu++14";
				CLANG_CXX_LIBRARY = "libc++";
				CLANG_ENABLE_MODULES = YES;
				CLANG_ENABLE_OBJC_ARC = YES;
				CLANG_WARN_BLOCK_CAPTURE_AUTORELEASING = YES;
				CLANG_WARN_BOOL_CONVERSION = YES;
				CLANG_WARN_COMMA = YES;
				CLANG_WARN_CONSTANT_CONVERSION = YES;
				CLANG_WARN_DIRECT_OBJC_ISA_USAGE = YES_ERROR;
				CLANG_WARN_DOCUMENTATION_COMMENTS = YES;
				CLANG_WARN_EMPTY_BODY = YES;
				CLANG_WARN_ENUM_CONVERSION = YES;
				CLANG_WARN_INFINITE_RECURSION = YES;
				CLANG_WARN_INT_CONVERSION = YES;
				CLANG_WARN_NON_LITERAL_NULL_CONVERSION = YES;
				CLANG_WARN_OBJC_LITERAL_CONVERSION = YES;
				CLANG_WARN_OBJC_ROOT_CLASS = YES_ERROR;
				CLANG_WARN_RANGE_LOOP_ANALYSIS = YES;
				CLANG_WARN_STRICT_PROTOTYPES = YES;
				CLANG_WARN_SUSPICIOUS_MOVE = YES;
				CLANG_WARN_UNGUARDED_AVAILABILITY = YES_AGGRESSIVE;
				CLANG_WARN_UNREACHABLE_CODE = YES;
				CLANG_WARN__DUPLICATE_METHOD_MATCH = YES;
				CODE_SIGN_IDENTITY = "iPhone Developer";
				COPY_PHASE_STRIP = NO;
				DEBUG_INFORMATION_FORMAT = "dwarf-with-dsym";
				ENABLE_NS_ASSERTIONS = NO;
				ENABLE_STRICT_OBJC_MSGSEND = YES;
				GCC_C_LANGUAGE_STANDARD = gnu11;
				GCC_NO_COMMON_BLOCKS = YES;
				GCC_WARN_64_TO_32_BIT_CONVERSION = YES;
				GCC_WARN_ABOUT_RETURN_TYPE = YES_ERROR;
				GCC_WARN_UNDECLARED_SELECTOR = YES;
				GCC_WARN_UNINITIALIZED_AUTOS = YES_AGGRESSIVE;
				GCC_WARN_UNUSED_FUNCTION = YES;
				GCC_WARN_UNUSED_VARIABLE = YES;
				IPHONEOS_DEPLOYMENT_TARGET = 11.2;
				MTL_ENABLE_DEBUG_INFO = NO;
				SDKROOT = iphoneos;
				SWIFT_OPTIMIZATION_LEVEL = "-Owholemodule";
				VALIDATE_PRODUCT = YES;
			};
			name = Release;
		};
		159972732059C25C0096C180 /* Debug */ = {
			isa = XCBuildConfiguration;
			buildSettings = {
				ASSETCATALOG_COMPILER_APPICON_NAME = AppIcon;
				CODE_SIGN_STYLE = Automatic;
				DEVELOPMENT_TEAM = 36F9TSP737;
				INFOPLIST_FILE = END/Info.plist;
				LD_RUNPATH_SEARCH_PATHS = "$(inherited) @executable_path/Frameworks";
				PRODUCT_BUNDLE_IDENTIFIER = com.bcunha.end.END;
				PRODUCT_NAME = "$(TARGET_NAME)";
				SWIFT_VERSION = 4.0;
				TARGETED_DEVICE_FAMILY = "1,2";
			};
			name = Debug;
		};
		159972742059C25C0096C180 /* Release */ = {
			isa = XCBuildConfiguration;
			buildSettings = {
				ASSETCATALOG_COMPILER_APPICON_NAME = AppIcon;
				CODE_SIGN_STYLE = Automatic;
				DEVELOPMENT_TEAM = 36F9TSP737;
				INFOPLIST_FILE = END/Info.plist;
				LD_RUNPATH_SEARCH_PATHS = "$(inherited) @executable_path/Frameworks";
				PRODUCT_BUNDLE_IDENTIFIER = com.bcunha.end.END;
				PRODUCT_NAME = "$(TARGET_NAME)";
				SWIFT_VERSION = 4.0;
				TARGETED_DEVICE_FAMILY = "1,2";
			};
			name = Release;
		};
		159972762059C25C0096C180 /* Debug */ = {
			isa = XCBuildConfiguration;
			buildSettings = {
				ALWAYS_EMBED_SWIFT_STANDARD_LIBRARIES = YES;
				CODE_SIGN_STYLE = Automatic;
				DEVELOPMENT_TEAM = 36F9TSP737;
				INFOPLIST_FILE = ENDUITests/Info.plist;
				LD_RUNPATH_SEARCH_PATHS = "$(inherited) @executable_path/Frameworks @loader_path/Frameworks";
				PRODUCT_BUNDLE_IDENTIFIER = com.bcunha.end.ENDUITests;
				PRODUCT_NAME = "$(TARGET_NAME)";
				SWIFT_VERSION = 4.0;
				TARGETED_DEVICE_FAMILY = "1,2";
				TEST_TARGET_NAME = END;
			};
			name = Debug;
		};
		159972772059C25C0096C180 /* Release */ = {
			isa = XCBuildConfiguration;
			buildSettings = {
				ALWAYS_EMBED_SWIFT_STANDARD_LIBRARIES = YES;
				CODE_SIGN_STYLE = Automatic;
				DEVELOPMENT_TEAM = 36F9TSP737;
				INFOPLIST_FILE = ENDUITests/Info.plist;
				LD_RUNPATH_SEARCH_PATHS = "$(inherited) @executable_path/Frameworks @loader_path/Frameworks";
				PRODUCT_BUNDLE_IDENTIFIER = com.bcunha.end.ENDUITests;
				PRODUCT_NAME = "$(TARGET_NAME)";
				SWIFT_VERSION = 4.0;
				TARGETED_DEVICE_FAMILY = "1,2";
				TEST_TARGET_NAME = END;
			};
			name = Release;
		};
/* End XCBuildConfiguration section */

/* Begin XCConfigurationList section */
		159972502059C25C0096C180 /* Build configuration list for PBXProject "END" */ = {
			isa = XCConfigurationList;
			buildConfigurations = (
				159972702059C25C0096C180 /* Debug */,
				159972712059C25C0096C180 /* Release */,
			);
			defaultConfigurationIsVisible = 0;
			defaultConfigurationName = Release;
		};
		159972722059C25C0096C180 /* Build configuration list for PBXNativeTarget "END" */ = {
			isa = XCConfigurationList;
			buildConfigurations = (
				159972732059C25C0096C180 /* Debug */,
				159972742059C25C0096C180 /* Release */,
			);
			defaultConfigurationIsVisible = 0;
			defaultConfigurationName = Release;
		};
		159972752059C25C0096C180 /* Build configuration list for PBXNativeTarget "ENDUITests" */ = {
			isa = XCConfigurationList;
			buildConfigurations = (
				159972762059C25C0096C180 /* Debug */,
				159972772059C25C0096C180 /* Release */,
			);
			defaultConfigurationIsVisible = 0;
			defaultConfigurationName = Release;
		};
/* End XCConfigurationList section */
	};
	rootObject = 1599724D2059C25C0096C180 /* Project object */;
}
